
Microsoft Visual Studio Solution File, Format Version 12.00
# Visual Studio Version 17
VisualStudioVersion = 17.11.35312.102
MinimumVisualStudioVersion = 10.0.40219.1
Project("{FAE04EC0-301F-11D3-BF4B-00C04F79EFBC}") = "ClientConsumerService", "ClientConsumerService\ClientConsumerService.csproj", "{9DFDFD61-0DDE-4F40-ABF8-3CDAE3536587}"
EndProject
Global
	GlobalSection(SolutionConfigurationPlatforms) = preSolution
		Debug|Any CPU = Debug|Any CPU
		Release|Any CPU = Release|Any CPU
	EndGlobalSection
	GlobalSection(ProjectConfigurationPlatforms) = postSolution
		{9DFDFD61-0DDE-4F40-ABF8-3CDAE3536587}.Debug|Any CPU.ActiveCfg = Debug|Any CPU
		{9DFDFD61-0DDE-4F40-ABF8-3CDAE3536587}.Debug|Any CPU.Build.0 = Debug|Any CPU
		{9DFDFD61-0DDE-4F40-ABF8-3CDAE3536587}.Release|Any CPU.ActiveCfg = Release|Any CPU
		{9DFDFD61-0DDE-4F40-ABF8-3CDAE3536587}.Release|Any CPU.Build.0 = Release|Any CPU
	EndGlobalSection
	GlobalSection(SolutionProperties) = preSolution
		HideSolutionNode = FALSE
	EndGlobalSection
	GlobalSection(ExtensibilityGlobals) = postSolution
		SolutionGuid = {E97E754F-0FBA-4C78-A144-6C287937BE1C}
	EndGlobalSection
EndGlobal
